
Microsoft Visual Studio Solution File, Format Version 12.00
# Visual Studio Version 16
VisualStudioVersion = 16.0.31410.357
MinimumVisualStudioVersion = 10.0.40219.1
Project("{9A19103F-16F7-4668-BE54-9A1E7A4F7556}") = "TestApp", "TestApp\TestApp.csproj", "{EB89D7D5-29AB-42A9-A761-4A5CCD46E027}"
EndProject
Project("{9A19103F-16F7-4668-BE54-9A1E7A4F7556}") = "TestApp.UnitTests", "TestApp.UnitTests\TestApp.UnitTests.csproj", "{30CF287B-674C-4476-A949-838B3330E6F0}"
EndProject
Global
	GlobalSection(SolutionConfigurationPlatforms) = preSolution
		Debug|Any CPU = Debug|Any CPU
		Release|Any CPU = Release|Any CPU
	EndGlobalSection
	GlobalSection(ProjectConfigurationPlatforms) = postSolution
		{EB89D7D5-29AB-42A9-A761-4A5CCD46E027}.Debug|Any CPU.ActiveCfg = Debug|Any CPU
		{EB89D7D5-29AB-42A9-A761-4A5CCD46E027}.Debug|Any CPU.Build.0 = Debug|Any CPU
		{EB89D7D5-29AB-42A9-A761-4A5CCD46E027}.Release|Any CPU.ActiveCfg = Release|Any CPU
		{EB89D7D5-29AB-42A9-A761-4A5CCD46E027}.Release|Any CPU.Build.0 = Release|Any CPU
		{30CF287B-674C-4476-A949-838B3330E6F0}.Debug|Any CPU.ActiveCfg = Debug|Any CPU
		{30CF287B-674C-4476-A949-838B3330E6F0}.Debug|Any CPU.Build.0 = Debug|Any CPU
		{30CF287B-674C-4476-A949-838B3330E6F0}.Release|Any CPU.ActiveCfg = Release|Any CPU
		{30CF287B-674C-4476-A949-838B3330E6F0}.Release|Any CPU.Build.0 = Release|Any CPU
	EndGlobalSection
	GlobalSection(SolutionProperties) = preSolution
		HideSolutionNode = FALSE
	EndGlobalSection
	GlobalSection(ExtensibilityGlobals) = postSolution
		SolutionGuid = {65B057D7-AE57-4F1C-8C51-CA4E95BCC4F5}
	EndGlobalSection
EndGlobal
